
Microsoft Visual Studio Solution File, Format Version 12.00
# Visual Studio Version 17
VisualStudioVersion = 17.4.33103.184
MinimumVisualStudioVersion = 10.0.40219.1
Project("{FAE04EC0-301F-11D3-BF4B-00C04F79EFBC}") = "VotingApp", "VotingApp\VotingApp.csproj", "{60C018E3-F200-4729-991F-B3A8F594757E}"
EndProject
Global
	GlobalSection(SolutionConfigurationPlatforms) = preSolution
		Debug|Any CPU = Debug|Any CPU
		Release|Any CPU = Release|Any CPU
	EndGlobalSection
	GlobalSection(ProjectConfigurationPlatforms) = postSolution
		{60C018E3-F200-4729-991F-B3A8F594757E}.Debug|Any CPU.ActiveCfg = Debug|Any CPU
		{60C018E3-F200-4729-991F-B3A8F594757E}.Debug|Any CPU.Build.0 = Debug|Any CPU
		{60C018E3-F200-4729-991F-B3A8F594757E}.Release|Any CPU.ActiveCfg = Release|Any CPU
		{60C018E3-F200-4729-991F-B3A8F594757E}.Release|Any CPU.Build.0 = Release|Any CPU
	EndGlobalSection
	GlobalSection(SolutionProperties) = preSolution
		HideSolutionNode = FALSE
	EndGlobalSection
	GlobalSection(ExtensibilityGlobals) = postSolution
		SolutionGuid = {5E659063-0971-4D00-9871-973B88D060F0}
	EndGlobalSection
EndGlobal
